// !$*UTF8*$!
{
	archiveVersion = 1;
	classes = {
	};
	objectVersion = 46;
	objects = {

/* Begin PBXBuildFile section */
		A694B9C518A812DE00549545 /* Foundation.framework in Frameworks */ = {isa = PBXBuildFile; fileRef = A694B9C418A812DE00549545 /* Foundation.framework */; };
		A694B9C718A812DE00549545 /* CoreGraphics.framework in Frameworks */ = {isa = PBXBuildFile; fileRef = A694B9C618A812DE00549545 /* CoreGraphics.framework */; };
		A694B9C918A812DE00549545 /* UIKit.framework in Frameworks */ = {isa = PBXBuildFile; fileRef = A694B9C818A812DE00549545 /* UIKit.framework */; };
		A694B9CF18A812DE00549545 /* InfoPlist.strings in Resources */ = {isa = PBXBuildFile; fileRef = A694B9CD18A812DE00549545 /* InfoPlist.strings */; };
		A694B9D118A812DE00549545 /* main.m in Sources */ = {isa = PBXBuildFile; fileRef = A694B9D018A812DE00549545 /* main.m */; };
		A694B9D518A812DE00549545 /* HCAppDelegate.m in Sources */ = {isa = PBXBuildFile; fileRef = A694B9D418A812DE00549545 /* HCAppDelegate.m */; };
		A694B9D818A812DE00549545 /* Main_iPhone.storyboard in Resources */ = {isa = PBXBuildFile; fileRef = A694B9D618A812DE00549545 /* Main_iPhone.storyboard */; };
		A694B9DB18A812DE00549545 /* Main_iPad.storyboard in Resources */ = {isa = PBXBuildFile; fileRef = A694B9D918A812DE00549545 /* Main_iPad.storyboard */; };
		A694B9DE18A812DE00549545 /* HCViewController.m in Sources */ = {isa = PBXBuildFile; fileRef = A694B9DD18A812DE00549545 /* HCViewController.m */; };
		A694B9E018A812DE00549545 /* Images.xcassets in Resources */ = {isa = PBXBuildFile; fileRef = A694B9DF18A812DE00549545 /* Images.xcassets */; };
		A694B9E718A812DE00549545 /* XCTest.framework in Frameworks */ = {isa = PBXBuildFile; fileRef = A694B9E618A812DE00549545 /* XCTest.framework */; };
		A694B9E818A812DE00549545 /* Foundation.framework in Frameworks */ = {isa = PBXBuildFile; fileRef = A694B9C418A812DE00549545 /* Foundation.framework */; };
		A694B9E918A812DE00549545 /* UIKit.framework in Frameworks */ = {isa = PBXBuildFile; fileRef = A694B9C818A812DE00549545 /* UIKit.framework */; };
		A694B9F118A812DF00549545 /* InfoPlist.strings in Resources */ = {isa = PBXBuildFile; fileRef = A694B9EF18A812DF00549545 /* InfoPlist.strings */; };
		A694B9F318A812DF00549545 /* HCCarouselViewExampleTests.m in Sources */ = {isa = PBXBuildFile; fileRef = A694B9F218A812DF00549545 /* HCCarouselViewExampleTests.m */; };
/* End PBXBuildFile section */

/* Begin PBXContainerItemProxy section */
		A694B9EA18A812DF00549545 /* PBXContainerItemProxy */ = {
			isa = PBXContainerItemProxy;
			containerPortal = A694B9B918A812DE00549545 /* Project object */;
			proxyType = 1;
			remoteGlobalIDString = A694B9C018A812DE00549545;
			remoteInfo = HCCarouselViewExample;
		};
/* End PBXContainerItemProxy section */

/* Begin PBXFileReference section */
		A694B9C118A812DE00549545 /* HCCarouselViewExample.app */ = {isa = PBXFileReference; explicitFileType = wrapper.application; includeInIndex = 0; path = HCCarouselViewExample.app; sourceTree = BUILT_PRODUCTS_DIR; };
		A694B9C418A812DE00549545 /* Foundation.framework */ = {isa = PBXFileReference; lastKnownFileType = wrapper.framework; name = Foundation.framework; path = System/Library/Frameworks/Foundation.framework; sourceTree = SDKROOT; };
		A694B9C618A812DE00549545 /* CoreGraphics.framework */ = {isa = PBXFileReference; lastKnownFileType = wrapper.framework; name = CoreGraphics.framework; path = System/Library/Frameworks/CoreGraphics.framework; sourceTree = SDKROOT; };
		A694B9C818A812DE00549545 /* UIKit.framework */ = {isa = PBXFileReference; lastKnownFileType = wrapper.framework; name = UIKit.framework; path = System/Library/Frameworks/UIKit.framework; sourceTree = SDKROOT; };
		A694B9CC18A812DE00549545 /* HCCarouselViewExample-Info.plist */ = {isa = PBXFileReference; lastKnownFileType = text.plist.xml; path = "HCCarouselViewExample-Info.plist"; sourceTree = "<group>"; };
		A694B9CE18A812DE00549545 /* en */ = {isa = PBXFileReference; lastKnownFileType = text.plist.strings; name = en; path = en.lproj/InfoPlist.strings; sourceTree = "<group>"; };
		A694B9D018A812DE00549545 /* main.m */ = {isa = PBXFileReference; lastKnownFileType = sourcecode.c.objc; path = main.m; sourceTree = "<group>"; };
		A694B9D218A812DE00549545 /* HCCarouselViewExample-Prefix.pch */ = {isa = PBXFileReference; lastKnownFileType = sourcecode.c.h; path = "HCCarouselViewExample-Prefix.pch"; sourceTree = "<group>"; };
		A694B9D318A812DE00549545 /* HCAppDelegate.h */ = {isa = PBXFileReference; lastKnownFileType = sourcecode.c.h; path = HCAppDelegate.h; sourceTree = "<group>"; };
		A694B9D418A812DE00549545 /* HCAppDelegate.m */ = {isa = PBXFileReference; lastKnownFileType = sourcecode.c.objc; path = HCAppDelegate.m; sourceTree = "<group>"; };
		A694B9D718A812DE00549545 /* Base */ = {isa = PBXFileReference; lastKnownFileType = file.storyboard; name = Base; path = Base.lproj/Main_iPhone.storyboard; sourceTree = "<group>"; };
		A694B9DA18A812DE00549545 /* Base */ = {isa = PBXFileReference; lastKnownFileType = file.storyboard; name = Base; path = Base.lproj/Main_iPad.storyboard; sourceTree = "<group>"; };
		A694B9DC18A812DE00549545 /* HCViewController.h */ = {isa = PBXFileReference; lastKnownFileType = sourcecode.c.h; path = HCViewController.h; sourceTree = "<group>"; };
		A694B9DD18A812DE00549545 /* HCViewController.m */ = {isa = PBXFileReference; lastKnownFileType = sourcecode.c.objc; path = HCViewController.m; sourceTree = "<group>"; };
		A694B9DF18A812DE00549545 /* Images.xcassets */ = {isa = PBXFileReference; lastKnownFileType = folder.assetcatalog; path = Images.xcassets; sourceTree = "<group>"; };
		A694B9E518A812DE00549545 /* HCCarouselViewExampleTests.xctest */ = {isa = PBXFileReference; explicitFileType = wrapper.cfbundle; includeInIndex = 0; path = HCCarouselViewExampleTests.xctest; sourceTree = BUILT_PRODUCTS_DIR; };
		A694B9E618A812DE00549545 /* XCTest.framework */ = {isa = PBXFileReference; lastKnownFileType = wrapper.framework; name = XCTest.framework; path = Library/Frameworks/XCTest.framework; sourceTree = DEVELOPER_DIR; };
		A694B9EE18A812DF00549545 /* HCCarouselViewExampleTests-Info.plist */ = {isa = PBXFileReference; lastKnownFileType = text.plist.xml; path = "HCCarouselViewExampleTests-Info.plist"; sourceTree = "<group>"; };
		A694B9F018A812DF00549545 /* en */ = {isa = PBXFileReference; lastKnownFileType = text.plist.strings; name = en; path = en.lproj/InfoPlist.strings; sourceTree = "<group>"; };
		A694B9F218A812DF00549545 /* HCCarouselViewExampleTests.m */ = {isa = PBXFileReference; lastKnownFileType = sourcecode.c.objc; path = HCCarouselViewExampleTests.m; sourceTree = "<group>"; };
/* End PBXFileReference section */

/* Begin PBXFrameworksBuildPhase section */
		A694B9BE18A812DE00549545 /* Frameworks */ = {
			isa = PBXFrameworksBuildPhase;
			buildActionMask = 2147483647;
			files = (
				A694B9C718A812DE00549545 /* CoreGraphics.framework in Frameworks */,
				A694B9C918A812DE00549545 /* UIKit.framework in Frameworks */,
				A694B9C518A812DE00549545 /* Foundation.framework in Frameworks */,
			);
			runOnlyForDeploymentPostprocessing = 0;
		};
		A694B9E218A812DE00549545 /* Frameworks */ = {
			isa = PBXFrameworksBuildPhase;
			buildActionMask = 2147483647;
			files = (
				A694B9E718A812DE00549545 /* XCTest.framework in Frameworks */,
				A694B9E918A812DE00549545 /* UIKit.framework in Frameworks */,
				A694B9E818A812DE00549545 /* Foundation.framework in Frameworks */,
			);
			runOnlyForDeploymentPostprocessing = 0;
		};
/* End PBXFrameworksBuildPhase section */

/* Begin PBXGroup section */
		A694B9B818A812DE00549545 = {
			isa = PBXGroup;
			children = (
				A694B9CA18A812DE00549545 /* HCCarouselViewExample */,
				A694B9EC18A812DF00549545 /* HCCarouselViewExampleTests */,
				A694B9C318A812DE00549545 /* Frameworks */,
				A694B9C218A812DE00549545 /* Products */,
			);
			sourceTree = "<group>";
		};
		A694B9C218A812DE00549545 /* Products */ = {
			isa = PBXGroup;
			children = (
				A694B9C118A812DE00549545 /* HCCarouselViewExample.app */,
				A694B9E518A812DE00549545 /* HCCarouselViewExampleTests.xctest */,
			);
			name = Products;
			sourceTree = "<group>";
		};
		A694B9C318A812DE00549545 /* Frameworks */ = {
			isa = PBXGroup;
			children = (
				A694B9C418A812DE00549545 /* Foundation.framework */,
				A694B9C618A812DE00549545 /* CoreGraphics.framework */,
				A694B9C818A812DE00549545 /* UIKit.framework */,
				A694B9E618A812DE00549545 /* XCTest.framework */,
			);
			name = Frameworks;
			sourceTree = "<group>";
		};
		A694B9CA18A812DE00549545 /* HCCarouselViewExample */ = {
			isa = PBXGroup;
			children = (
				A694B9D318A812DE00549545 /* HCAppDelegate.h */,
				A694B9D418A812DE00549545 /* HCAppDelegate.m */,
				A694B9D618A812DE00549545 /* Main_iPhone.storyboard */,
				A694B9D918A812DE00549545 /* Main_iPad.storyboard */,
				A694B9DC18A812DE00549545 /* HCViewController.h */,
				A694B9DD18A812DE00549545 /* HCViewController.m */,
				A694B9DF18A812DE00549545 /* Images.xcassets */,
				A694B9CB18A812DE00549545 /* Supporting Files */,
			);
			path = HCCarouselViewExample;
			sourceTree = "<group>";
		};
		A694B9CB18A812DE00549545 /* Supporting Files */ = {
			isa = PBXGroup;
			children = (
				A694B9CC18A812DE00549545 /* HCCarouselViewExample-Info.plist */,
				A694B9CD18A812DE00549545 /* InfoPlist.strings */,
				A694B9D018A812DE00549545 /* main.m */,
				A694B9D218A812DE00549545 /* HCCarouselViewExample-Prefix.pch */,
			);
			name = "Supporting Files";
			sourceTree = "<group>";
		};
		A694B9EC18A812DF00549545 /* HCCarouselViewExampleTests */ = {
			isa = PBXGroup;
			children = (
				A694B9F218A812DF00549545 /* HCCarouselViewExampleTests.m */,
				A694B9ED18A812DF00549545 /* Supporting Files */,
			);
			path = HCCarouselViewExampleTests;
			sourceTree = "<group>";
		};
		A694B9ED18A812DF00549545 /* Supporting Files */ = {
			isa = PBXGroup;
			children = (
				A694B9EE18A812DF00549545 /* HCCarouselViewExampleTests-Info.plist */,
				A694B9EF18A812DF00549545 /* InfoPlist.strings */,
			);
			name = "Supporting Files";
			sourceTree = "<group>";
		};
/* End PBXGroup section */

/* Begin PBXNativeTarget section */
		A694B9C018A812DE00549545 /* HCCarouselViewExample */ = {
			isa = PBXNativeTarget;
			buildConfigurationList = A694B9F618A812DF00549545 /* Build configuration list for PBXNativeTarget "HCCarouselViewExample" */;
			buildPhases = (
				A694B9BD18A812DE00549545 /* Sources */,
				A694B9BE18A812DE00549545 /* Frameworks */,
				A694B9BF18A812DE00549545 /* Resources */,
			);
			buildRules = (
			);
			dependencies = (
			);
			name = HCCarouselViewExample;
			productName = HCCarouselViewExample;
			productReference = A694B9C118A812DE00549545 /* HCCarouselViewExample.app */;
			productType = "com.apple.product-type.application";
		};
		A694B9E418A812DE00549545 /* HCCarouselViewExampleTests */ = {
			isa = PBXNativeTarget;
			buildConfigurationList = A694B9F918A812DF00549545 /* Build configuration list for PBXNativeTarget "HCCarouselViewExampleTests" */;
			buildPhases = (
				A694B9E118A812DE00549545 /* Sources */,
				A694B9E218A812DE00549545 /* Frameworks */,
				A694B9E318A812DE00549545 /* Resources */,
			);
			buildRules = (
			);
			dependencies = (
				A694B9EB18A812DF00549545 /* PBXTargetDependency */,
			);
			name = HCCarouselViewExampleTests;
			productName = HCCarouselViewExampleTests;
			productReference = A694B9E518A812DE00549545 /* HCCarouselViewExampleTests.xctest */;
			productType = "com.apple.product-type.bundle.unit-test";
		};
/* End PBXNativeTarget section */

/* Begin PBXProject section */
		A694B9B918A812DE00549545 /* Project object */ = {
			isa = PBXProject;
			attributes = {
				CLASSPREFIX = HC;
				LastUpgradeCheck = 0500;
				ORGANIZATIONNAME = "Hull Computing";
				TargetAttributes = {
					A694B9E418A812DE00549545 = {
						TestTargetID = A694B9C018A812DE00549545;
					};
				};
			};
			buildConfigurationList = A694B9BC18A812DE00549545 /* Build configuration list for PBXProject "HCCarouselViewExample" */;
			compatibilityVersion = "Xcode 3.2";
			developmentRegion = English;
			hasScannedForEncodings = 0;
			knownRegions = (
				en,
				Base,
			);
			mainGroup = A694B9B818A812DE00549545;
			productRefGroup = A694B9C218A812DE00549545 /* Products */;
			projectDirPath = "";
			projectRoot = "";
			targets = (
				A694B9C018A812DE00549545 /* HCCarouselViewExample */,
				A694B9E418A812DE00549545 /* HCCarouselViewExampleTests */,
			);
		};
/* End PBXProject section */

/* Begin PBXResourcesBuildPhase section */
		A694B9BF18A812DE00549545 /* Resources */ = {
			isa = PBXResourcesBuildPhase;
			buildActionMask = 2147483647;
			files = (
				A694B9DB18A812DE00549545 /* Main_iPad.storyboard in Resources */,
				A694B9E018A812DE00549545 /* Images.xcassets in Resources */,
				A694B9D818A812DE00549545 /* Main_iPhone.storyboard in Resources */,
				A694B9CF18A812DE00549545 /* InfoPlist.strings in Resources */,
			);
			runOnlyForDeploymentPostprocessing = 0;
		};
		A694B9E318A812DE00549545 /* Resources */ = {
			isa = PBXResourcesBuildPhase;
			buildActionMask = 2147483647;
			files = (
				A694B9F118A812DF00549545 /* InfoPlist.strings in Resources */,
			);
			runOnlyForDeploymentPostprocessing = 0;
		};
/* End PBXResourcesBuildPhase section */

/* Begin PBXSourcesBuildPhase section */
		A694B9BD18A812DE00549545 /* Sources */ = {
			isa = PBXSourcesBuildPhase;
			buildActionMask = 2147483647;
			files = (
				A694B9DE18A812DE00549545 /* HCViewController.m in Sources */,
				A694B9D118A812DE00549545 /* main.m in Sources */,
				A694B9D518A812DE00549545 /* HCAppDelegate.m in Sources */,
			);
			runOnlyForDeploymentPostprocessing = 0;
		};
		A694B9E118A812DE00549545 /* Sources */ = {
			isa = PBXSourcesBuildPhase;
			buildActionMask = 2147483647;
			files = (
				A694B9F318A812DF00549545 /* HCCarouselViewExampleTests.m in Sources */,
			);
			runOnlyForDeploymentPostprocessing = 0;
		};
/* End PBXSourcesBuildPhase section */

/* Begin PBXTargetDependency section */
		A694B9EB18A812DF00549545 /* PBXTargetDependency */ = {
			isa = PBXTargetDependency;
			target = A694B9C018A812DE00549545 /* HCCarouselViewExample */;
			targetProxy = A694B9EA18A812DF00549545 /* PBXContainerItemProxy */;
		};
/* End PBXTargetDependency section */

/* Begin PBXVariantGroup section */
		A694B9CD18A812DE00549545 /* InfoPlist.strings */ = {
			isa = PBXVariantGroup;
			children = (
				A694B9CE18A812DE00549545 /* en */,
			);
			name = InfoPlist.strings;
			sourceTree = "<group>";
		};
		A694B9D618A812DE00549545 /* Main_iPhone.storyboard */ = {
			isa = PBXVariantGroup;
			children = (
				A694B9D718A812DE00549545 /* Base */,
			);
			name = Main_iPhone.storyboard;
			sourceTree = "<group>";
		};
		A694B9D918A812DE00549545 /* Main_iPad.storyboard */ = {
			isa = PBXVariantGroup;
			children = (
				A694B9DA18A812DE00549545 /* Base */,
			);
			name = Main_iPad.storyboard;
			sourceTree = "<group>";
		};
		A694B9EF18A812DF00549545 /* InfoPlist.strings */ = {
			isa = PBXVariantGroup;
			children = (
				A694B9F018A812DF00549545 /* en */,
			);
			name = InfoPlist.strings;
			sourceTree = "<group>";
		};
/* End PBXVariantGroup section */

/* Begin XCBuildConfiguration section */
		A694B9F418A812DF00549545 /* Debug */ = {
			isa = XCBuildConfiguration;
			buildSettings = {
				ALWAYS_SEARCH_USER_PATHS = NO;
				ARCHS = "$(ARCHS_STANDARD_INCLUDING_64_BIT)";
				CLANG_CXX_LANGUAGE_STANDARD = "gnu++0x";
				CLANG_CXX_LIBRARY = "libc++";
				CLANG_ENABLE_MODULES = YES;
				CLANG_ENABLE_OBJC_ARC = YES;
				CLANG_WARN_BOOL_CONVERSION = YES;
				CLANG_WARN_CONSTANT_CONVERSION = YES;
				CLANG_WARN_DIRECT_OBJC_ISA_USAGE = YES_ERROR;
				CLANG_WARN_EMPTY_BODY = YES;
				CLANG_WARN_ENUM_CONVERSION = YES;
				CLANG_WARN_INT_CONVERSION = YES;
				CLANG_WARN_OBJC_ROOT_CLASS = YES_ERROR;
				CLANG_WARN__DUPLICATE_METHOD_MATCH = YES;
				"CODE_SIGN_IDENTITY[sdk=iphoneos*]" = "iPhone Developer";
				COPY_PHASE_STRIP = NO;
				GCC_C_LANGUAGE_STANDARD = gnu99;
				GCC_DYNAMIC_NO_PIC = NO;
				GCC_OPTIMIZATION_LEVEL = 0;
				GCC_PREPROCESSOR_DEFINITIONS = (
					"DEBUG=1",
					"$(inherited)",
				);
				GCC_SYMBOLS_PRIVATE_EXTERN = NO;
				GCC_WARN_64_TO_32_BIT_CONVERSION = YES;
				GCC_WARN_ABOUT_RETURN_TYPE = YES_ERROR;
				GCC_WARN_UNDECLARED_SELECTOR = YES;
				GCC_WARN_UNINITIALIZED_AUTOS = YES;
				GCC_WARN_UNUSED_FUNCTION = YES;
				GCC_WARN_UNUSED_VARIABLE = YES;
				IPHONEOS_DEPLOYMENT_TARGET = 7.0;
				ONLY_ACTIVE_ARCH = YES;
				SDKROOT = iphoneos;
				TARGETED_DEVICE_FAMILY = "1,2";
			};
			name = Debug;
		};
		A694B9F518A812DF00549545 /* Release */ = {
			isa = XCBuildConfiguration;
			buildSettings = {
				ALWAYS_SEARCH_USER_PATHS = NO;
				ARCHS = "$(ARCHS_STANDARD_INCLUDING_64_BIT)";
				CLANG_CXX_LANGUAGE_STANDARD = "gnu++0x";
				CLANG_CXX_LIBRARY = "libc++";
				CLANG_ENABLE_MODULES = YES;
				CLANG_ENABLE_OBJC_ARC = YES;
				CLANG_WARN_BOOL_CONVERSION = YES;
				CLANG_WARN_CONSTANT_CONVERSION = YES;
				CLANG_WARN_DIRECT_OBJC_ISA_USAGE = YES_ERROR;
				CLANG_WARN_EMPTY_BODY = YES;
				CLANG_WARN_ENUM_CONVERSION = YES;
				CLANG_WARN_INT_CONVERSION = YES;
				CLANG_WARN_OBJC_ROOT_CLASS = YES_ERROR;
				CLANG_WARN__DUPLICATE_METHOD_MATCH = YES;
				"CODE_SIGN_IDENTITY[sdk=iphoneos*]" = "iPhone Developer";
				COPY_PHASE_STRIP = YES;
				ENABLE_NS_ASSERTIONS = NO;
				GCC_C_LANGUAGE_STANDARD = gnu99;
				GCC_WARN_64_TO_32_BIT_CONVERSION = YES;
				GCC_WARN_ABOUT_RETURN_TYPE = YES_ERROR;
				GCC_WARN_UNDECLARED_SELECTOR = YES;
				GCC_WARN_UNINITIALIZED_AUTOS = YES;
				GCC_WARN_UNUSED_FUNCTION = YES;
				GCC_WARN_UNUSED_VARIABLE = YES;
				IPHONEOS_DEPLOYMENT_TARGET = 7.0;
				SDKROOT = iphoneos;
				TARGETED_DEVICE_FAMILY = "1,2";
				VALIDATE_PRODUCT = YES;
			};
			name = Release;
		};
		A694B9F718A812DF00549545 /* Debug */ = {
			isa = XCBuildConfiguration;
			buildSettings = {
				ASSETCATALOG_COMPILER_APPICON_NAME = AppIcon;
				ASSETCATALOG_COMPILER_LAUNCHIMAGE_NAME = LaunchImage;
				GCC_PRECOMPILE_PREFIX_HEADER = YES;
				GCC_PREFIX_HEADER = "HCCarouselViewExample/HCCarouselViewExample-Prefix.pch";
				INFOPLIST_FILE = "HCCarouselViewExample/HCCarouselViewExample-Info.plist";
				PRODUCT_NAME = "$(TARGET_NAME)";
				WRAPPER_EXTENSION = app;
			};
			name = Debug;
		};
		A694B9F818A812DF00549545 /* Release */ = {
			isa = XCBuildConfiguration;
			buildSettings = {
				ASSETCATALOG_COMPILER_APPICON_NAME = AppIcon;
				ASSETCATALOG_COMPILER_LAUNCHIMAGE_NAME = LaunchImage;
				GCC_PRECOMPILE_PREFIX_HEADER = YES;
				GCC_PREFIX_HEADER = "HCCarouselViewExample/HCCarouselViewExample-Prefix.pch";
				INFOPLIST_FILE = "HCCarouselViewExample/HCCarouselViewExample-Info.plist";
				PRODUCT_NAME = "$(TARGET_NAME)";
				WRAPPER_EXTENSION = app;
			};
			name = Release;
		};
		A694B9FA18A812DF00549545 /* Debug */ = {
			isa = XCBuildConfiguration;
			buildSettings = {
				ARCHS = "$(ARCHS_STANDARD_INCLUDING_64_BIT)";
				BUNDLE_LOADER = "$(BUILT_PRODUCTS_DIR)/HCCarouselViewExample.app/HCCarouselViewExample";
				FRAMEWORK_SEARCH_PATHS = (
					"$(SDKROOT)/Developer/Library/Frameworks",
					"$(inherited)",
					"$(DEVELOPER_FRAMEWORKS_DIR)",
				);
				GCC_PRECOMPILE_PREFIX_HEADER = YES;
				GCC_PREFIX_HEADER = "HCCarouselViewExample/HCCarouselViewExample-Prefix.pch";
				GCC_PREPROCESSOR_DEFINITIONS = (
					"DEBUG=1",
					"$(inherited)",
				);
				INFOPLIST_FILE = "HCCarouselViewExampleTests/HCCarouselViewExampleTests-Info.plist";
				PRODUCT_NAME = "$(TARGET_NAME)";
				TEST_HOST = "$(BUNDLE_LOADER)";
				WRAPPER_EXTENSION = xctest;
			};
			name = Debug;
		};
		A694B9FB18A812DF00549545 /* Release */ = {
			isa = XCBuildConfiguration;
			buildSettings = {
				ARCHS = "$(ARCHS_STANDARD_INCLUDING_64_BIT)";
				BUNDLE_LOADER = "$(BUILT_PRODUCTS_DIR)/HCCarouselViewExample.app/HCCarouselViewExample";
				FRAMEWORK_SEARCH_PATHS = (
					"$(SDKROOT)/Developer/Library/Frameworks",
					"$(inherited)",
					"$(DEVELOPER_FRAMEWORKS_DIR)",
				);
				GCC_PRECOMPILE_PREFIX_HEADER = YES;
				GCC_PREFIX_HEADER = "HCCarouselViewExample/HCCarouselViewExample-Prefix.pch";
				INFOPLIST_FILE = "HCCarouselViewExampleTests/HCCarouselViewExampleTests-Info.plist";
				PRODUCT_NAME = "$(TARGET_NAME)";
				TEST_HOST = "$(BUNDLE_LOADER)";
				WRAPPER_EXTENSION = xctest;
			};
			name = Release;
		};
/* End XCBuildConfiguration section */

/* Begin XCConfigurationList section */
		A694B9BC18A812DE00549545 /* Build configuration list for PBXProject "HCCarouselViewExample" */ = {
			isa = XCConfigurationList;
			buildConfigurations = (
				A694B9F418A812DF00549545 /* Debug */,
				A694B9F518A812DF00549545 /* Release */,
			);
			defaultConfigurationIsVisible = 0;
			defaultConfigurationName = Release;
		};
		A694B9F618A812DF00549545 /* Build configuration list for PBXNativeTarget "HCCarouselViewExample" */ = {
			isa = XCConfigurationList;
			buildConfigurations = (
				A694B9F718A812DF00549545 /* Debug */,
				A694B9F818A812DF00549545 /* Release */,
			);
			defaultConfigurationIsVisible = 0;
		};
		A694B9F918A812DF00549545 /* Build configuration list for PBXNativeTarget "HCCarouselViewExampleTests" */ = {
			isa = XCConfigurationList;
			buildConfigurations = (
				A694B9FA18A812DF00549545 /* Debug */,
				A694B9FB18A812DF00549545 /* Release */,
			);
			defaultConfigurationIsVisible = 0;
		};
/* End XCConfigurationList section */
	};
	rootObject = A694B9B918A812DE00549545 /* Project object */;
}
